// !$*UTF8*$!
{
	archiveVersion = 1;
	classes = {
	};
	objectVersion = 56;
	objects = {

/* Begin PBXBuildFile section */
		ED5F692C296FD8340019E12E /* CallendarCollectionViewCell.swift in Sources */ = {isa = PBXBuildFile; fileRef = ED5F692B296FD8340019E12E /* CallendarCollectionViewCell.swift */; };
		ED5F692F296FDFD20019E12E /* CallendarMoveButton.swift in Sources */ = {isa = PBXBuildFile; fileRef = ED5F692E296FDFD20019E12E /* CallendarMoveButton.swift */; };
		ED64111D296D6353003183EC /* AppDelegate.swift in Sources */ = {isa = PBXBuildFile; fileRef = ED64111C296D6353003183EC /* AppDelegate.swift */; };
		ED64111F296D6353003183EC /* SceneDelegate.swift in Sources */ = {isa = PBXBuildFile; fileRef = ED64111E296D6353003183EC /* SceneDelegate.swift */; };
		ED641121296D6353003183EC /* ViewController.swift in Sources */ = {isa = PBXBuildFile; fileRef = ED641120296D6353003183EC /* ViewController.swift */; };
		ED641124296D6353003183EC /* Main.storyboard in Resources */ = {isa = PBXBuildFile; fileRef = ED641122296D6353003183EC /* Main.storyboard */; };
		ED641126296D6355003183EC /* Assets.xcassets in Resources */ = {isa = PBXBuildFile; fileRef = ED641125296D6355003183EC /* Assets.xcassets */; };
		ED641129296D6355003183EC /* LaunchScreen.storyboard in Resources */ = {isa = PBXBuildFile; fileRef = ED641127296D6355003183EC /* LaunchScreen.storyboard */; };
		ED641134296D6355003183EC /* CalendarTests.swift in Sources */ = {isa = PBXBuildFile; fileRef = ED641133296D6355003183EC /* CalendarTests.swift */; };
		ED64113E296D6355003183EC /* CalendarUITests.swift in Sources */ = {isa = PBXBuildFile; fileRef = ED64113D296D6355003183EC /* CalendarUITests.swift */; };
		ED641140296D6355003183EC /* CalendarUITestsLaunchTests.swift in Sources */ = {isa = PBXBuildFile; fileRef = ED64113F296D6355003183EC /* CalendarUITestsLaunchTests.swift */; };
		ED64114F296D6397003183EC /* CallendarCollectionView.swift in Sources */ = {isa = PBXBuildFile; fileRef = ED64114E296D6397003183EC /* CallendarCollectionView.swift */; };
/* End PBXBuildFile section */

/* Begin PBXContainerItemProxy section */
		ED641130296D6355003183EC /* PBXContainerItemProxy */ = {
			isa = PBXContainerItemProxy;
			containerPortal = ED641111296D6353003183EC /* Project object */;
			proxyType = 1;
			remoteGlobalIDString = ED641118296D6353003183EC;
			remoteInfo = Calendar;
		};
		ED64113A296D6355003183EC /* PBXContainerItemProxy */ = {
			isa = PBXContainerItemProxy;
			containerPortal = ED641111296D6353003183EC /* Project object */;
			proxyType = 1;
			remoteGlobalIDString = ED641118296D6353003183EC;
			remoteInfo = Calendar;
		};
/* End PBXContainerItemProxy section */

/* Begin PBXFileReference section */
		ED5F692B296FD8340019E12E /* CallendarCollectionViewCell.swift */ = {isa = PBXFileReference; lastKnownFileType = sourcecode.swift; path = CallendarCollectionViewCell.swift; sourceTree = "<group>"; };
		ED5F692E296FDFD20019E12E /* CallendarMoveButton.swift */ = {isa = PBXFileReference; lastKnownFileType = sourcecode.swift; path = CallendarMoveButton.swift; sourceTree = "<group>"; };
		ED641119296D6353003183EC /* Calendar.app */ = {isa = PBXFileReference; explicitFileType = wrapper.application; includeInIndex = 0; path = Calendar.app; sourceTree = BUILT_PRODUCTS_DIR; };
		ED64111C296D6353003183EC /* AppDelegate.swift */ = {isa = PBXFileReference; lastKnownFileType = sourcecode.swift; path = AppDelegate.swift; sourceTree = "<group>"; };
		ED64111E296D6353003183EC /* SceneDelegate.swift */ = {isa = PBXFileReference; lastKnownFileType = sourcecode.swift; path = SceneDelegate.swift; sourceTree = "<group>"; };
		ED641120296D6353003183EC /* ViewController.swift */ = {isa = PBXFileReference; lastKnownFileType = sourcecode.swift; path = ViewController.swift; sourceTree = "<group>"; };
		ED641123296D6353003183EC /* Base */ = {isa = PBXFileReference; lastKnownFileType = file.storyboard; name = Base; path = Base.lproj/Main.storyboard; sourceTree = "<group>"; };
		ED641125296D6355003183EC /* Assets.xcassets */ = {isa = PBXFileReference; lastKnownFileType = folder.assetcatalog; path = Assets.xcassets; sourceTree = "<group>"; };
		ED641128296D6355003183EC /* Base */ = {isa = PBXFileReference; lastKnownFileType = file.storyboard; name = Base; path = Base.lproj/LaunchScreen.storyboard; sourceTree = "<group>"; };
		ED64112A296D6355003183EC /* Info.plist */ = {isa = PBXFileReference; lastKnownFileType = text.plist.xml; path = Info.plist; sourceTree = "<group>"; };
		ED64112F296D6355003183EC /* CalendarTests.xctest */ = {isa = PBXFileReference; explicitFileType = wrapper.cfbundle; includeInIndex = 0; path = CalendarTests.xctest; sourceTree = BUILT_PRODUCTS_DIR; };
		ED641133296D6355003183EC /* CalendarTests.swift */ = {isa = PBXFileReference; lastKnownFileType = sourcecode.swift; path = CalendarTests.swift; sourceTree = "<group>"; };
		ED641139296D6355003183EC /* CalendarUITests.xctest */ = {isa = PBXFileReference; explicitFileType = wrapper.cfbundle; includeInIndex = 0; path = CalendarUITests.xctest; sourceTree = BUILT_PRODUCTS_DIR; };
		ED64113D296D6355003183EC /* CalendarUITests.swift */ = {isa = PBXFileReference; lastKnownFileType = sourcecode.swift; path = CalendarUITests.swift; sourceTree = "<group>"; };
		ED64113F296D6355003183EC /* CalendarUITestsLaunchTests.swift */ = {isa = PBXFileReference; lastKnownFileType = sourcecode.swift; path = CalendarUITestsLaunchTests.swift; sourceTree = "<group>"; };
		ED64114E296D6397003183EC /* CallendarCollectionView.swift */ = {isa = PBXFileReference; lastKnownFileType = sourcecode.swift; path = CallendarCollectionView.swift; sourceTree = "<group>"; };
/* End PBXFileReference section */

/* Begin PBXFrameworksBuildPhase section */
		ED641116296D6353003183EC /* Frameworks */ = {
			isa = PBXFrameworksBuildPhase;
			buildActionMask = 2147483647;
			files = (
			);
			runOnlyForDeploymentPostprocessing = 0;
		};
		ED64112C296D6355003183EC /* Frameworks */ = {
			isa = PBXFrameworksBuildPhase;
			buildActionMask = 2147483647;
			files = (
			);
			runOnlyForDeploymentPostprocessing = 0;
		};
		ED641136296D6355003183EC /* Frameworks */ = {
			isa = PBXFrameworksBuildPhase;
			buildActionMask = 2147483647;
			files = (
			);
			runOnlyForDeploymentPostprocessing = 0;
		};
/* End PBXFrameworksBuildPhase section */

/* Begin PBXGroup section */
		ED5F6928296FD7E20019E12E /* Cell */ = {
			isa = PBXGroup;
			children = (
				ED5F692B296FD8340019E12E /* CallendarCollectionViewCell.swift */,
			);
			path = Cell;
			sourceTree = "<group>";
		};
		ED641110296D6353003183EC = {
			isa = PBXGroup;
			children = (
				ED64111B296D6353003183EC /* Calendar */,
				ED641132296D6355003183EC /* CalendarTests */,
				ED64113C296D6355003183EC /* CalendarUITests */,
				ED64111A296D6353003183EC /* Products */,
			);
			sourceTree = "<group>";
		};
		ED64111A296D6353003183EC /* Products */ = {
			isa = PBXGroup;
			children = (
				ED641119296D6353003183EC /* Calendar.app */,
				ED64112F296D6355003183EC /* CalendarTests.xctest */,
				ED641139296D6355003183EC /* CalendarUITests.xctest */,
			);
			name = Products;
			sourceTree = "<group>";
		};
		ED64111B296D6353003183EC /* Calendar */ = {
			isa = PBXGroup;
			children = (
				ED64111C296D6353003183EC /* AppDelegate.swift */,
				ED64111E296D6353003183EC /* SceneDelegate.swift */,
				ED64114D296D6383003183EC /* View */,
				ED64114C296D6363003183EC /* Controllers */,
				ED641122296D6353003183EC /* Main.storyboard */,
				ED641125296D6355003183EC /* Assets.xcassets */,
				ED641127296D6355003183EC /* LaunchScreen.storyboard */,
				ED64112A296D6355003183EC /* Info.plist */,
			);
			path = Calendar;
			sourceTree = "<group>";
		};
		ED641132296D6355003183EC /* CalendarTests */ = {
			isa = PBXGroup;
			children = (
				ED641133296D6355003183EC /* CalendarTests.swift */,
			);
			path = CalendarTests;
			sourceTree = "<group>";
		};
		ED64113C296D6355003183EC /* CalendarUITests */ = {
			isa = PBXGroup;
			children = (
				ED64113D296D6355003183EC /* CalendarUITests.swift */,
				ED64113F296D6355003183EC /* CalendarUITestsLaunchTests.swift */,
			);
			path = CalendarUITests;
			sourceTree = "<group>";
		};
		ED64114C296D6363003183EC /* Controllers */ = {
			isa = PBXGroup;
			children = (
				ED641120296D6353003183EC /* ViewController.swift */,
			);
			path = Controllers;
			sourceTree = "<group>";
		};
		ED64114D296D6383003183EC /* View */ = {
			isa = PBXGroup;
			children = (
				ED5F6928296FD7E20019E12E /* Cell */,
				ED64114E296D6397003183EC /* CallendarCollectionView.swift */,
				ED5F692E296FDFD20019E12E /* CallendarMoveButton.swift */,
			);
			path = View;
			sourceTree = "<group>";
		};
/* End PBXGroup section */

/* Begin PBXNativeTarget section */
		ED641118296D6353003183EC /* Calendar */ = {
			isa = PBXNativeTarget;
			buildConfigurationList = ED641143296D6355003183EC /* Build configuration list for PBXNativeTarget "Calendar" */;
			buildPhases = (
				ED641115296D6353003183EC /* Sources */,
				ED641116296D6353003183EC /* Frameworks */,
				ED641117296D6353003183EC /* Resources */,
			);
			buildRules = (
			);
			dependencies = (
			);
			name = Calendar;
			productName = Calendar;
			productReference = ED641119296D6353003183EC /* Calendar.app */;
			productType = "com.apple.product-type.application";
		};
		ED64112E296D6355003183EC /* CalendarTests */ = {
			isa = PBXNativeTarget;
			buildConfigurationList = ED641146296D6355003183EC /* Build configuration list for PBXNativeTarget "CalendarTests" */;
			buildPhases = (
				ED64112B296D6355003183EC /* Sources */,
				ED64112C296D6355003183EC /* Frameworks */,
				ED64112D296D6355003183EC /* Resources */,
			);
			buildRules = (
			);
			dependencies = (
				ED641131296D6355003183EC /* PBXTargetDependency */,
			);
			name = CalendarTests;
			productName = CalendarTests;
			productReference = ED64112F296D6355003183EC /* CalendarTests.xctest */;
			productType = "com.apple.product-type.bundle.unit-test";
		};
		ED641138296D6355003183EC /* CalendarUITests */ = {
			isa = PBXNativeTarget;
			buildConfigurationList = ED641149296D6355003183EC /* Build configuration list for PBXNativeTarget "CalendarUITests" */;
			buildPhases = (
				ED641135296D6355003183EC /* Sources */,
				ED641136296D6355003183EC /* Frameworks */,
				ED641137296D6355003183EC /* Resources */,
			);
			buildRules = (
			);
			dependencies = (
				ED64113B296D6355003183EC /* PBXTargetDependency */,
			);
			name = CalendarUITests;
			productName = CalendarUITests;
			productReference = ED641139296D6355003183EC /* CalendarUITests.xctest */;
			productType = "com.apple.product-type.bundle.ui-testing";
		};
/* End PBXNativeTarget section */

/* Begin PBXProject section */
		ED641111296D6353003183EC /* Project object */ = {
			isa = PBXProject;
			attributes = {
				BuildIndependentTargetsInParallel = 1;
				LastSwiftUpdateCheck = 1410;
				LastUpgradeCheck = 1410;
				TargetAttributes = {
					ED641118296D6353003183EC = {
						CreatedOnToolsVersion = 14.1;
					};
					ED64112E296D6355003183EC = {
						CreatedOnToolsVersion = 14.1;
						TestTargetID = ED641118296D6353003183EC;
					};
					ED641138296D6355003183EC = {
						CreatedOnToolsVersion = 14.1;
						TestTargetID = ED641118296D6353003183EC;
					};
				};
			};
			buildConfigurationList = ED641114296D6353003183EC /* Build configuration list for PBXProject "Calendar" */;
			compatibilityVersion = "Xcode 14.0";
			developmentRegion = en;
			hasScannedForEncodings = 0;
			knownRegions = (
				en,
				Base,
			);
			mainGroup = ED641110296D6353003183EC;
			productRefGroup = ED64111A296D6353003183EC /* Products */;
			projectDirPath = "";
			projectRoot = "";
			targets = (
				ED641118296D6353003183EC /* Calendar */,
				ED64112E296D6355003183EC /* CalendarTests */,
				ED641138296D6355003183EC /* CalendarUITests */,
			);
		};
/* End PBXProject section */

/* Begin PBXResourcesBuildPhase section */
		ED641117296D6353003183EC /* Resources */ = {
			isa = PBXResourcesBuildPhase;
			buildActionMask = 2147483647;
			files = (
				ED641129296D6355003183EC /* LaunchScreen.storyboard in Resources */,
				ED641126296D6355003183EC /* Assets.xcassets in Resources */,
				ED641124296D6353003183EC /* Main.storyboard in Resources */,
			);
			runOnlyForDeploymentPostprocessing = 0;
		};
		ED64112D296D6355003183EC /* Resources */ = {
			isa = PBXResourcesBuildPhase;
			buildActionMask = 2147483647;
			files = (
			);
			runOnlyForDeploymentPostprocessing = 0;
		};
		ED641137296D6355003183EC /* Resources */ = {
			isa = PBXResourcesBuildPhase;
			buildActionMask = 2147483647;
			files = (
			);
			runOnlyForDeploymentPostprocessing = 0;
		};
/* End PBXResourcesBuildPhase section */

/* Begin PBXSourcesBuildPhase section */
		ED641115296D6353003183EC /* Sources */ = {
			isa = PBXSourcesBuildPhase;
			buildActionMask = 2147483647;
			files = (
				ED641121296D6353003183EC /* ViewController.swift in Sources */,
				ED5F692F296FDFD20019E12E /* CallendarMoveButton.swift in Sources */,
				ED64114F296D6397003183EC /* CallendarCollectionView.swift in Sources */,
				ED64111D296D6353003183EC /* AppDelegate.swift in Sources */,
				ED5F692C296FD8340019E12E /* CallendarCollectionViewCell.swift in Sources */,
				ED64111F296D6353003183EC /* SceneDelegate.swift in Sources */,
			);
			runOnlyForDeploymentPostprocessing = 0;
		};
		ED64112B296D6355003183EC /* Sources */ = {
			isa = PBXSourcesBuildPhase;
			buildActionMask = 2147483647;
			files = (
				ED641134296D6355003183EC /* CalendarTests.swift in Sources */,
			);
			runOnlyForDeploymentPostprocessing = 0;
		};
		ED641135296D6355003183EC /* Sources */ = {
			isa = PBXSourcesBuildPhase;
			buildActionMask = 2147483647;
			files = (
				ED641140296D6355003183EC /* CalendarUITestsLaunchTests.swift in Sources */,
				ED64113E296D6355003183EC /* CalendarUITests.swift in Sources */,
			);
			runOnlyForDeploymentPostprocessing = 0;
		};
/* End PBXSourcesBuildPhase section */

/* Begin PBXTargetDependency section */
		ED641131296D6355003183EC /* PBXTargetDependency */ = {
			isa = PBXTargetDependency;
			target = ED641118296D6353003183EC /* Calendar */;
			targetProxy = ED641130296D6355003183EC /* PBXContainerItemProxy */;
		};
		ED64113B296D6355003183EC /* PBXTargetDependency */ = {
			isa = PBXTargetDependency;
			target = ED641118296D6353003183EC /* Calendar */;
			targetProxy = ED64113A296D6355003183EC /* PBXContainerItemProxy */;
		};
/* End PBXTargetDependency section */

/* Begin PBXVariantGroup section */
		ED641122296D6353003183EC /* Main.storyboard */ = {
			isa = PBXVariantGroup;
			children = (
				ED641123296D6353003183EC /* Base */,
			);
			name = Main.storyboard;
			sourceTree = "<group>";
		};
		ED641127296D6355003183EC /* LaunchScreen.storyboard */ = {
			isa = PBXVariantGroup;
			children = (
				ED641128296D6355003183EC /* Base */,
			);
			name = LaunchScreen.storyboard;
			sourceTree = "<group>";
		};
/* End PBXVariantGroup section */

/* Begin XCBuildConfiguration section */
		ED641141296D6355003183EC /* Debug */ = {
			isa = XCBuildConfiguration;
			buildSettings = {
				ALWAYS_SEARCH_USER_PATHS = NO;
				CLANG_ANALYZER_NONNULL = YES;
				CLANG_ANALYZER_NUMBER_OBJECT_CONVERSION = YES_AGGRESSIVE;
				CLANG_CXX_LANGUAGE_STANDARD = "gnu++20";
				CLANG_ENABLE_MODULES = YES;
				CLANG_ENABLE_OBJC_ARC = YES;
				CLANG_ENABLE_OBJC_WEAK = YES;
				CLANG_WARN_BLOCK_CAPTURE_AUTORELEASING = YES;
				CLANG_WARN_BOOL_CONVERSION = YES;
				CLANG_WARN_COMMA = YES;
				CLANG_WARN_CONSTANT_CONVERSION = YES;
				CLANG_WARN_DEPRECATED_OBJC_IMPLEMENTATIONS = YES;
				CLANG_WARN_DIRECT_OBJC_ISA_USAGE = YES_ERROR;
				CLANG_WARN_DOCUMENTATION_COMMENTS = YES;
				CLANG_WARN_EMPTY_BODY = YES;
				CLANG_WARN_ENUM_CONVERSION = YES;
				CLANG_WARN_INFINITE_RECURSION = YES;
				CLANG_WARN_INT_CONVERSION = YES;
				CLANG_WARN_NON_LITERAL_NULL_CONVERSION = YES;
				CLANG_WARN_OBJC_IMPLICIT_RETAIN_SELF = YES;
				CLANG_WARN_OBJC_LITERAL_CONVERSION = YES;
				CLANG_WARN_OBJC_ROOT_CLASS = YES_ERROR;
				CLANG_WARN_QUOTED_INCLUDE_IN_FRAMEWORK_HEADER = YES;
				CLANG_WARN_RANGE_LOOP_ANALYSIS = YES;
				CLANG_WARN_STRICT_PROTOTYPES = YES;
				CLANG_WARN_SUSPICIOUS_MOVE = YES;
				CLANG_WARN_UNGUARDED_AVAILABILITY = YES_AGGRESSIVE;
				CLANG_WARN_UNREACHABLE_CODE = YES;
				CLANG_WARN__DUPLICATE_METHOD_MATCH = YES;
				COPY_PHASE_STRIP = NO;
				DEBUG_INFORMATION_FORMAT = dwarf;
				ENABLE_STRICT_OBJC_MSGSEND = YES;
				ENABLE_TESTABILITY = YES;
				GCC_C_LANGUAGE_STANDARD = gnu11;
				GCC_DYNAMIC_NO_PIC = NO;
				GCC_NO_COMMON_BLOCKS = YES;
				GCC_OPTIMIZATION_LEVEL = 0;
				GCC_PREPROCESSOR_DEFINITIONS = (
					"DEBUG=1",
					"$(inherited)",
				);
				GCC_WARN_64_TO_32_BIT_CONVERSION = YES;
				GCC_WARN_ABOUT_RETURN_TYPE = YES_ERROR;
				GCC_WARN_UNDECLARED_SELECTOR = YES;
				GCC_WARN_UNINITIALIZED_AUTOS = YES_AGGRESSIVE;
				GCC_WARN_UNUSED_FUNCTION = YES;
				GCC_WARN_UNUSED_VARIABLE = YES;
				IPHONEOS_DEPLOYMENT_TARGET = 16.1;
				MTL_ENABLE_DEBUG_INFO = INCLUDE_SOURCE;
				MTL_FAST_MATH = YES;
				ONLY_ACTIVE_ARCH = YES;
				SDKROOT = iphoneos;
				SWIFT_ACTIVE_COMPILATION_CONDITIONS = DEBUG;
				SWIFT_OPTIMIZATION_LEVEL = "-Onone";
			};
			name = Debug;
		};
		ED641142296D6355003183EC /* Release */ = {
			isa = XCBuildConfiguration;
			buildSettings = {
				ALWAYS_SEARCH_USER_PATHS = NO;
				CLANG_ANALYZER_NONNULL = YES;
				CLANG_ANALYZER_NUMBER_OBJECT_CONVERSION = YES_AGGRESSIVE;
				CLANG_CXX_LANGUAGE_STANDARD = "gnu++20";
				CLANG_ENABLE_MODULES = YES;
				CLANG_ENABLE_OBJC_ARC = YES;
				CLANG_ENABLE_OBJC_WEAK = YES;
				CLANG_WARN_BLOCK_CAPTURE_AUTORELEASING = YES;
				CLANG_WARN_BOOL_CONVERSION = YES;
				CLANG_WARN_COMMA = YES;
				CLANG_WARN_CONSTANT_CONVERSION = YES;
				CLANG_WARN_DEPRECATED_OBJC_IMPLEMENTATIONS = YES;
				CLANG_WARN_DIRECT_OBJC_ISA_USAGE = YES_ERROR;
				CLANG_WARN_DOCUMENTATION_COMMENTS = YES;
				CLANG_WARN_EMPTY_BODY = YES;
				CLANG_WARN_ENUM_CONVERSION = YES;
				CLANG_WARN_INFINITE_RECURSION = YES;
				CLANG_WARN_INT_CONVERSION = YES;
				CLANG_WARN_NON_LITERAL_NULL_CONVERSION = YES;
				CLANG_WARN_OBJC_IMPLICIT_RETAIN_SELF = YES;
				CLANG_WARN_OBJC_LITERAL_CONVERSION = YES;
				CLANG_WARN_OBJC_ROOT_CLASS = YES_ERROR;
				CLANG_WARN_QUOTED_INCLUDE_IN_FRAMEWORK_HEADER = YES;
				CLANG_WARN_RANGE_LOOP_ANALYSIS = YES;
				CLANG_WARN_STRICT_PROTOTYPES = YES;
				CLANG_WARN_SUSPICIOUS_MOVE = YES;
				CLANG_WARN_UNGUARDED_AVAILABILITY = YES_AGGRESSIVE;
				CLANG_WARN_UNREACHABLE_CODE = YES;
				CLANG_WARN__DUPLICATE_METHOD_MATCH = YES;
				COPY_PHASE_STRIP = NO;
				DEBUG_INFORMATION_FORMAT = "dwarf-with-dsym";
				ENABLE_NS_ASSERTIONS = NO;
				ENABLE_STRICT_OBJC_MSGSEND = YES;
				GCC_C_LANGUAGE_STANDARD = gnu11;
				GCC_NO_COMMON_BLOCKS = YES;
				GCC_WARN_64_TO_32_BIT_CONVERSION = YES;
				GCC_WARN_ABOUT_RETURN_TYPE = YES_ERROR;
				GCC_WARN_UNDECLARED_SELECTOR = YES;
				GCC_WARN_UNINITIALIZED_AUTOS = YES_AGGRESSIVE;
				GCC_WARN_UNUSED_FUNCTION = YES;
				GCC_WARN_UNUSED_VARIABLE = YES;
				IPHONEOS_DEPLOYMENT_TARGET = 16.1;
				MTL_ENABLE_DEBUG_INFO = NO;
				MTL_FAST_MATH = YES;
				SDKROOT = iphoneos;
				SWIFT_COMPILATION_MODE = wholemodule;
				SWIFT_OPTIMIZATION_LEVEL = "-O";
				VALIDATE_PRODUCT = YES;
			};
			name = Release;
		};
		ED641144296D6355003183EC /* Debug */ = {
			isa = XCBuildConfiguration;
			buildSettings = {
				ASSETCATALOG_COMPILER_APPICON_NAME = AppIcon;
				ASSETCATALOG_COMPILER_GLOBAL_ACCENT_COLOR_NAME = AccentColor;
				CODE_SIGN_STYLE = Automatic;
				CURRENT_PROJECT_VERSION = 1;
				DEVELOPMENT_TEAM = 8S9747MDPY;
				GENERATE_INFOPLIST_FILE = YES;
				INFOPLIST_FILE = Calendar/Info.plist;
				INFOPLIST_KEY_UIApplicationSupportsIndirectInputEvents = YES;
				INFOPLIST_KEY_UILaunchStoryboardName = LaunchScreen;
				INFOPLIST_KEY_UIMainStoryboardFile = Main;
				INFOPLIST_KEY_UISupportedInterfaceOrientations_iPad = "UIInterfaceOrientationPortrait UIInterfaceOrientationPortraitUpsideDown UIInterfaceOrientationLandscapeLeft UIInterfaceOrientationLandscapeRight";
				INFOPLIST_KEY_UISupportedInterfaceOrientations_iPhone = "UIInterfaceOrientationPortrait UIInterfaceOrientationLandscapeLeft UIInterfaceOrientationLandscapeRight";
				LD_RUNPATH_SEARCH_PATHS = (
					"$(inherited)",
					"@executable_path/Frameworks",
				);
				MARKETING_VERSION = 1.0;
				PRODUCT_BUNDLE_IDENTIFIER = Skorobogaty.Calendar;
				PRODUCT_NAME = "$(TARGET_NAME)";
				SWIFT_EMIT_LOC_STRINGS = YES;
				SWIFT_VERSION = 5.0;
				TARGETED_DEVICE_FAMILY = "1,2";
			};
			name = Debug;
		};
		ED641145296D6355003183EC /* Release */ = {
			isa = XCBuildConfiguration;
			buildSettings = {
				ASSETCATALOG_COMPILER_APPICON_NAME = AppIcon;
				ASSETCATALOG_COMPILER_GLOBAL_ACCENT_COLOR_NAME = AccentColor;
				CODE_SIGN_STYLE = Automatic;
				CURRENT_PROJECT_VERSION = 1;
				DEVELOPMENT_TEAM = 8S9747MDPY;
				GENERATE_INFOPLIST_FILE = YES;
				INFOPLIST_FILE = Calendar/Info.plist;
				INFOPLIST_KEY_UIApplicationSupportsIndirectInputEvents = YES;
				INFOPLIST_KEY_UILaunchStoryboardName = LaunchScreen;
				INFOPLIST_KEY_UIMainStoryboardFile = Main;
				INFOPLIST_KEY_UISupportedInterfaceOrientations_iPad = "UIInterfaceOrientationPortrait UIInterfaceOrientationPortraitUpsideDown UIInterfaceOrientationLandscapeLeft UIInterfaceOrientationLandscapeRight";
				INFOPLIST_KEY_UISupportedInterfaceOrientations_iPhone = "UIInterfaceOrientationPortrait UIInterfaceOrientationLandscapeLeft UIInterfaceOrientationLandscapeRight";
				LD_RUNPATH_SEARCH_PATHS = (
					"$(inherited)",
					"@executable_path/Frameworks",
				);
				MARKETING_VERSION = 1.0;
				PRODUCT_BUNDLE_IDENTIFIER = Skorobogaty.Calendar;
				PRODUCT_NAME = "$(TARGET_NAME)";
				SWIFT_EMIT_LOC_STRINGS = YES;
				SWIFT_VERSION = 5.0;
				TARGETED_DEVICE_FAMILY = "1,2";
			};
			name = Release;
		};
		ED641147296D6355003183EC /* Debug */ = {
			isa = XCBuildConfiguration;
			buildSettings = {
				ALWAYS_EMBED_SWIFT_STANDARD_LIBRARIES = YES;
				BUNDLE_LOADER = "$(TEST_HOST)";
				CODE_SIGN_STYLE = Automatic;
				CURRENT_PROJECT_VERSION = 1;
				DEVELOPMENT_TEAM = 8S9747MDPY;
				GENERATE_INFOPLIST_FILE = YES;
				IPHONEOS_DEPLOYMENT_TARGET = 16.1;
				MARKETING_VERSION = 1.0;
				PRODUCT_BUNDLE_IDENTIFIER = Skorobogaty.CalendarTests;
				PRODUCT_NAME = "$(TARGET_NAME)";
				SWIFT_EMIT_LOC_STRINGS = NO;
				SWIFT_VERSION = 5.0;
				TARGETED_DEVICE_FAMILY = "1,2";
				TEST_HOST = "$(BUILT_PRODUCTS_DIR)/Calendar.app/$(BUNDLE_EXECUTABLE_FOLDER_PATH)/Calendar";
			};
			name = Debug;
		};
		ED641148296D6355003183EC /* Release */ = {
			isa = XCBuildConfiguration;
			buildSettings = {
				ALWAYS_EMBED_SWIFT_STANDARD_LIBRARIES = YES;
				BUNDLE_LOADER = "$(TEST_HOST)";
				CODE_SIGN_STYLE = Automatic;
				CURRENT_PROJECT_VERSION = 1;
				DEVELOPMENT_TEAM = 8S9747MDPY;
				GENERATE_INFOPLIST_FILE = YES;
				IPHONEOS_DEPLOYMENT_TARGET = 16.1;
				MARKETING_VERSION = 1.0;
				PRODUCT_BUNDLE_IDENTIFIER = Skorobogaty.CalendarTests;
				PRODUCT_NAME = "$(TARGET_NAME)";
				SWIFT_EMIT_LOC_STRINGS = NO;
				SWIFT_VERSION = 5.0;
				TARGETED_DEVICE_FAMILY = "1,2";
				TEST_HOST = "$(BUILT_PRODUCTS_DIR)/Calendar.app/$(BUNDLE_EXECUTABLE_FOLDER_PATH)/Calendar";
			};
			name = Release;
		};
		ED64114A296D6355003183EC /* Debug */ = {
			isa = XCBuildConfiguration;
			buildSettings = {
				ALWAYS_EMBED_SWIFT_STANDARD_LIBRARIES = YES;
				CODE_SIGN_STYLE = Automatic;
				CURRENT_PROJECT_VERSION = 1;
				DEVELOPMENT_TEAM = 8S9747MDPY;
				GENERATE_INFOPLIST_FILE = YES;
				MARKETING_VERSION = 1.0;
				PRODUCT_BUNDLE_IDENTIFIER = Skorobogaty.CalendarUITests;
				PRODUCT_NAME = "$(TARGET_NAME)";
				SWIFT_EMIT_LOC_STRINGS = NO;
				SWIFT_VERSION = 5.0;
				TARGETED_DEVICE_FAMILY = "1,2";
				TEST_TARGET_NAME = Calendar;
			};
			name = Debug;
		};
		ED64114B296D6355003183EC /* Release */ = {
			isa = XCBuildConfiguration;
			buildSettings = {
				ALWAYS_EMBED_SWIFT_STANDARD_LIBRARIES = YES;
				CODE_SIGN_STYLE = Automatic;
				CURRENT_PROJECT_VERSION = 1;
				DEVELOPMENT_TEAM = 8S9747MDPY;
				GENERATE_INFOPLIST_FILE = YES;
				MARKETING_VERSION = 1.0;
				PRODUCT_BUNDLE_IDENTIFIER = Skorobogaty.CalendarUITests;
				PRODUCT_NAME = "$(TARGET_NAME)";
				SWIFT_EMIT_LOC_STRINGS = NO;
				SWIFT_VERSION = 5.0;
				TARGETED_DEVICE_FAMILY = "1,2";
				TEST_TARGET_NAME = Calendar;
			};
			name = Release;
		};
/* End XCBuildConfiguration section */

/* Begin XCConfigurationList section */
		ED641114296D6353003183EC /* Build configuration list for PBXProject "Calendar" */ = {
			isa = XCConfigurationList;
			buildConfigurations = (
				ED641141296D6355003183EC /* Debug */,
				ED641142296D6355003183EC /* Release */,
			);
			defaultConfigurationIsVisible = 0;
			defaultConfigurationName = Release;
		};
		ED641143296D6355003183EC /* Build configuration list for PBXNativeTarget "Calendar" */ = {
			isa = XCConfigurationList;
			buildConfigurations = (
				ED641144296D6355003183EC /* Debug */,
				ED641145296D6355003183EC /* Release */,
			);
			defaultConfigurationIsVisible = 0;
			defaultConfigurationName = Release;
		};
		ED641146296D6355003183EC /* Build configuration list for PBXNativeTarget "CalendarTests" */ = {
			isa = XCConfigurationList;
			buildConfigurations = (
				ED641147296D6355003183EC /* Debug */,
				ED641148296D6355003183EC /* Release */,
			);
			defaultConfigurationIsVisible = 0;
			defaultConfigurationName = Release;
		};
		ED641149296D6355003183EC /* Build configuration list for PBXNativeTarget "CalendarUITests" */ = {
			isa = XCConfigurationList;
			buildConfigurations = (
				ED64114A296D6355003183EC /* Debug */,
				ED64114B296D6355003183EC /* Release */,
			);
			defaultConfigurationIsVisible = 0;
			defaultConfigurationName = Release;
		};
/* End XCConfigurationList section */
	};
	rootObject = ED641111296D6353003183EC /* Project object */;
}
